
Microsoft Visual Studio Solution File, Format Version 12.00
# Visual Studio Version 17
VisualStudioVersion = 17.7.34202.233
MinimumVisualStudioVersion = 10.0.40219.1
Project("{FAE04EC0-301F-11D3-BF4B-00C04F79EFBC}") = "FileExplorer.Application", "FileExplorer.Application\FileExplorer.Application.csproj", "{209FA16E-7B2E-4643-87E7-11341349E262}"
EndProject
Project("{FAE04EC0-301F-11D3-BF4B-00C04F79EFBC}") = "FileExplorer.Infrastructure", "FileExplorer.Infrastructure\FileExplorer.Infrastructure.csproj", "{CAC9BBE5-2B94-47CB-987B-3D8FEE48B104}"
EndProject
Project("{FAE04EC0-301F-11D3-BF4B-00C04F79EFBC}") = "FileExplorer.Api", "FileExplorer.Api\FileExplorer.Api.csproj", "{BACD1A2C-9347-4B5D-BB2D-BC794FF5B216}"
EndProject
Global
	GlobalSection(SolutionConfigurationPlatforms) = preSolution
		Debug|Any CPU = Debug|Any CPU
		Release|Any CPU = Release|Any CPU
	EndGlobalSection
	GlobalSection(ProjectConfigurationPlatforms) = postSolution
		{209FA16E-7B2E-4643-87E7-11341349E262}.Debug|Any CPU.ActiveCfg = Debug|Any CPU
		{209FA16E-7B2E-4643-87E7-11341349E262}.Debug|Any CPU.Build.0 = Debug|Any CPU
		{209FA16E-7B2E-4643-87E7-11341349E262}.Release|Any CPU.ActiveCfg = Release|Any CPU
		{209FA16E-7B2E-4643-87E7-11341349E262}.Release|Any CPU.Build.0 = Release|Any CPU
		{CAC9BBE5-2B94-47CB-987B-3D8FEE48B104}.Debug|Any CPU.ActiveCfg = Debug|Any CPU
		{CAC9BBE5-2B94-47CB-987B-3D8FEE48B104}.Debug|Any CPU.Build.0 = Debug|Any CPU
		{CAC9BBE5-2B94-47CB-987B-3D8FEE48B104}.Release|Any CPU.ActiveCfg = Release|Any CPU
		{CAC9BBE5-2B94-47CB-987B-3D8FEE48B104}.Release|Any CPU.Build.0 = Release|Any CPU
		{BACD1A2C-9347-4B5D-BB2D-BC794FF5B216}.Debug|Any CPU.ActiveCfg = Debug|Any CPU
		{BACD1A2C-9347-4B5D-BB2D-BC794FF5B216}.Debug|Any CPU.Build.0 = Debug|Any CPU
		{BACD1A2C-9347-4B5D-BB2D-BC794FF5B216}.Release|Any CPU.ActiveCfg = Release|Any CPU
		{BACD1A2C-9347-4B5D-BB2D-BC794FF5B216}.Release|Any CPU.Build.0 = Release|Any CPU
	EndGlobalSection
	GlobalSection(SolutionProperties) = preSolution
		HideSolutionNode = FALSE
	EndGlobalSection
	GlobalSection(ExtensibilityGlobals) = postSolution
		SolutionGuid = {33F2D5B3-DCC1-477C-A5B1-57FC61ECF914}
	EndGlobalSection
EndGlobal
